// !$*UTF8*$!
{
	archiveVersion = 1;
	classes = {
	};
	objectVersion = 50;
	objects = {

/* Begin PBXBuildFile section */
		BF34A24F22C44D1800662DDF /* AppDelegate.swift in Sources */ = {isa = PBXBuildFile; fileRef = BF34A24E22C44D1800662DDF /* AppDelegate.swift */; };
		BF34A25422C44D1800662DDF /* Main.storyboard in Resources */ = {isa = PBXBuildFile; fileRef = BF34A25222C44D1800662DDF /* Main.storyboard */; };
		BF34A25622C44D1900662DDF /* Assets.xcassets in Resources */ = {isa = PBXBuildFile; fileRef = BF34A25522C44D1900662DDF /* Assets.xcassets */; };
		BF34A25922C44D1900662DDF /* LaunchScreen.storyboard in Resources */ = {isa = PBXBuildFile; fileRef = BF34A25722C44D1900662DDF /* LaunchScreen.storyboard */; };
		BF3F795B22C6FEAB003DF14A /* HobbyViewController.swift in Sources */ = {isa = PBXBuildFile; fileRef = BF3F795A22C6FEAB003DF14A /* HobbyViewController.swift */; };
		BF3F796122C70496003DF14A /* HobbyViewCell.swift in Sources */ = {isa = PBXBuildFile; fileRef = BF3F796022C70496003DF14A /* HobbyViewCell.swift */; };
		BF3F796322C70F6E003DF14A /* Service.swift in Sources */ = {isa = PBXBuildFile; fileRef = BF3F796222C70F6E003DF14A /* Service.swift */; };
		BF3F796522C7146A003DF14A /* MainViewController.swift in Sources */ = {isa = PBXBuildFile; fileRef = BF3F796422C7146A003DF14A /* MainViewController.swift */; };
		BF3F796722C71915003DF14A /* HobbyDetailController.swift in Sources */ = {isa = PBXBuildFile; fileRef = BF3F796622C71915003DF14A /* HobbyDetailController.swift */; };
		BF3F796B22C72FBC003DF14A /* TravellViewController.swift in Sources */ = {isa = PBXBuildFile; fileRef = BF3F796A22C72FBC003DF14A /* TravellViewController.swift */; };
		BF3F796D22C73100003DF14A /* TravellModel.swift in Sources */ = {isa = PBXBuildFile; fileRef = BF3F796C22C73100003DF14A /* TravellModel.swift */; };
		BF3F796F22C73985003DF14A /* TravellViewCell.swift in Sources */ = {isa = PBXBuildFile; fileRef = BF3F796E22C73985003DF14A /* TravellViewCell.swift */; };
		BF9CEFAA22C4DF1200D10EE7 /* HobbyModel.swift in Sources */ = {isa = PBXBuildFile; fileRef = BF9CEFA922C4DF1200D10EE7 /* HobbyModel.swift */; };
/* End PBXBuildFile section */

/* Begin PBXFileReference section */
		BF34A24B22C44D1800662DDF /* Lesson2TabBarWebinar3.app */ = {isa = PBXFileReference; explicitFileType = wrapper.application; includeInIndex = 0; path = Lesson2TabBarWebinar3.app; sourceTree = BUILT_PRODUCTS_DIR; };
		BF34A24E22C44D1800662DDF /* AppDelegate.swift */ = {isa = PBXFileReference; lastKnownFileType = sourcecode.swift; path = AppDelegate.swift; sourceTree = "<group>"; };
		BF34A25322C44D1800662DDF /* Base */ = {isa = PBXFileReference; lastKnownFileType = file.storyboard; name = Base; path = Base.lproj/Main.storyboard; sourceTree = "<group>"; };
		BF34A25522C44D1900662DDF /* Assets.xcassets */ = {isa = PBXFileReference; lastKnownFileType = folder.assetcatalog; path = Assets.xcassets; sourceTree = "<group>"; };
		BF34A25822C44D1900662DDF /* Base */ = {isa = PBXFileReference; lastKnownFileType = file.storyboard; name = Base; path = Base.lproj/LaunchScreen.storyboard; sourceTree = "<group>"; };
		BF34A25A22C44D1900662DDF /* Info.plist */ = {isa = PBXFileReference; lastKnownFileType = text.plist.xml; path = Info.plist; sourceTree = "<group>"; };
		BF3F795A22C6FEAB003DF14A /* HobbyViewController.swift */ = {isa = PBXFileReference; lastKnownFileType = sourcecode.swift; path = HobbyViewController.swift; sourceTree = "<group>"; };
		BF3F796022C70496003DF14A /* HobbyViewCell.swift */ = {isa = PBXFileReference; lastKnownFileType = sourcecode.swift; path = HobbyViewCell.swift; sourceTree = "<group>"; };
		BF3F796222C70F6E003DF14A /* Service.swift */ = {isa = PBXFileReference; lastKnownFileType = sourcecode.swift; path = Service.swift; sourceTree = "<group>"; };
		BF3F796422C7146A003DF14A /* MainViewController.swift */ = {isa = PBXFileReference; lastKnownFileType = sourcecode.swift; path = MainViewController.swift; sourceTree = "<group>"; };
		BF3F796622C71915003DF14A /* HobbyDetailController.swift */ = {isa = PBXFileReference; lastKnownFileType = sourcecode.swift; path = HobbyDetailController.swift; sourceTree = "<group>"; };
		BF3F796A22C72FBC003DF14A /* TravellViewController.swift */ = {isa = PBXFileReference; lastKnownFileType = sourcecode.swift; path = TravellViewController.swift; sourceTree = "<group>"; };
		BF3F796C22C73100003DF14A /* TravellModel.swift */ = {isa = PBXFileReference; lastKnownFileType = sourcecode.swift; path = TravellModel.swift; sourceTree = "<group>"; };
		BF3F796E22C73985003DF14A /* TravellViewCell.swift */ = {isa = PBXFileReference; lastKnownFileType = sourcecode.swift; path = TravellViewCell.swift; sourceTree = "<group>"; };
		BF9CEFA922C4DF1200D10EE7 /* HobbyModel.swift */ = {isa = PBXFileReference; lastKnownFileType = sourcecode.swift; path = HobbyModel.swift; sourceTree = "<group>"; };
/* End PBXFileReference section */

/* Begin PBXFrameworksBuildPhase section */
		BF34A24822C44D1800662DDF /* Frameworks */ = {
			isa = PBXFrameworksBuildPhase;
			buildActionMask = 2147483647;
			files = (
			);
			runOnlyForDeploymentPostprocessing = 0;
		};
/* End PBXFrameworksBuildPhase section */

/* Begin PBXGroup section */
		BF34A24222C44D1800662DDF = {
			isa = PBXGroup;
			children = (
				BF34A24D22C44D1800662DDF /* Lesson2TabBarWebinar3 */,
				BF34A24C22C44D1800662DDF /* Products */,
			);
			sourceTree = "<group>";
		};
		BF34A24C22C44D1800662DDF /* Products */ = {
			isa = PBXGroup;
			children = (
				BF34A24B22C44D1800662DDF /* Lesson2TabBarWebinar3.app */,
			);
			name = Products;
			sourceTree = "<group>";
		};
		BF34A24D22C44D1800662DDF /* Lesson2TabBarWebinar3 */ = {
			isa = PBXGroup;
			children = (
				BF34A26222C44D6700662DDF /* View */,
				BF34A26122C44D5B00662DDF /* Model */,
				BF34A26022C44D4300662DDF /* Controller */,
				BF34A25522C44D1900662DDF /* Assets.xcassets */,
				BF34A25A22C44D1900662DDF /* Info.plist */,
			);
			path = Lesson2TabBarWebinar3;
			sourceTree = "<group>";
		};
		BF34A26022C44D4300662DDF /* Controller */ = {
			isa = PBXGroup;
			children = (
				BF3F796422C7146A003DF14A /* MainViewController.swift */,
				BF3F795A22C6FEAB003DF14A /* HobbyViewController.swift */,
				BF3F796022C70496003DF14A /* HobbyViewCell.swift */,
				BF34A24E22C44D1800662DDF /* AppDelegate.swift */,
				BF3F796622C71915003DF14A /* HobbyDetailController.swift */,
				BF3F796A22C72FBC003DF14A /* TravellViewController.swift */,
				BF3F796E22C73985003DF14A /* TravellViewCell.swift */,
			);
			path = Controller;
			sourceTree = "<group>";
		};
		BF34A26122C44D5B00662DDF /* Model */ = {
			isa = PBXGroup;
			children = (
				BF9CEFA922C4DF1200D10EE7 /* HobbyModel.swift */,
				BF3F796222C70F6E003DF14A /* Service.swift */,
				BF3F796C22C73100003DF14A /* TravellModel.swift */,
			);
			path = Model;
			sourceTree = "<group>";
		};
		BF34A26222C44D6700662DDF /* View */ = {
			isa = PBXGroup;
			children = (
				BF34A25722C44D1900662DDF /* LaunchScreen.storyboard */,
				BF34A25222C44D1800662DDF /* Main.storyboard */,
			);
			path = View;
			sourceTree = "<group>";
		};
/* End PBXGroup section */

/* Begin PBXNativeTarget section */
		BF34A24A22C44D1800662DDF /* Lesson2TabBarWebinar3 */ = {
			isa = PBXNativeTarget;
			buildConfigurationList = BF34A25D22C44D1900662DDF /* Build configuration list for PBXNativeTarget "Lesson2TabBarWebinar3" */;
			buildPhases = (
				BF34A24722C44D1800662DDF /* Sources */,
				BF34A24822C44D1800662DDF /* Frameworks */,
				BF34A24922C44D1800662DDF /* Resources */,
			);
			buildRules = (
			);
			dependencies = (
			);
			name = Lesson2TabBarWebinar3;
			productName = Lesson2TabBarWebinar3;
			productReference = BF34A24B22C44D1800662DDF /* Lesson2TabBarWebinar3.app */;
			productType = "com.apple.product-type.application";
		};
/* End PBXNativeTarget section */

/* Begin PBXProject section */
		BF34A24322C44D1800662DDF /* Project object */ = {
			isa = PBXProject;
			attributes = {
				LastSwiftUpdateCheck = 1010;
				LastUpgradeCheck = 1010;
				ORGANIZATIONNAME = "Сергей Калмыков";
				TargetAttributes = {
					BF34A24A22C44D1800662DDF = {
						CreatedOnToolsVersion = 10.1;
					};
				};
			};
			buildConfigurationList = BF34A24622C44D1800662DDF /* Build configuration list for PBXProject "Lesson2TabBarWebinar3" */;
			compatibilityVersion = "Xcode 9.3";
			developmentRegion = en;
			hasScannedForEncodings = 0;
			knownRegions = (
				en,
				Base,
			);
			mainGroup = BF34A24222C44D1800662DDF;
			productRefGroup = BF34A24C22C44D1800662DDF /* Products */;
			projectDirPath = "";
			projectRoot = "";
			targets = (
				BF34A24A22C44D1800662DDF /* Lesson2TabBarWebinar3 */,
			);
		};
/* End PBXProject section */

/* Begin PBXResourcesBuildPhase section */
		BF34A24922C44D1800662DDF /* Resources */ = {
			isa = PBXResourcesBuildPhase;
			buildActionMask = 2147483647;
			files = (
				BF34A25922C44D1900662DDF /* LaunchScreen.storyboard in Resources */,
				BF34A25622C44D1900662DDF /* Assets.xcassets in Resources */,
				BF34A25422C44D1800662DDF /* Main.storyboard in Resources */,
			);
			runOnlyForDeploymentPostprocessing = 0;
		};
/* End PBXResourcesBuildPhase section */

/* Begin PBXSourcesBuildPhase section */
		BF34A24722C44D1800662DDF /* Sources */ = {
			isa = PBXSourcesBuildPhase;
			buildActionMask = 2147483647;
			files = (
				BF3F795B22C6FEAB003DF14A /* HobbyViewController.swift in Sources */,
				BF3F796122C70496003DF14A /* HobbyViewCell.swift in Sources */,
				BF3F796322C70F6E003DF14A /* Service.swift in Sources */,
				BF3F796522C7146A003DF14A /* MainViewController.swift in Sources */,
				BF9CEFAA22C4DF1200D10EE7 /* HobbyModel.swift in Sources */,
				BF3F796722C71915003DF14A /* HobbyDetailController.swift in Sources */,
				BF3F796D22C73100003DF14A /* TravellModel.swift in Sources */,
				BF34A24F22C44D1800662DDF /* AppDelegate.swift in Sources */,
				BF3F796B22C72FBC003DF14A /* TravellViewController.swift in Sources */,
				BF3F796F22C73985003DF14A /* TravellViewCell.swift in Sources */,
			);
			runOnlyForDeploymentPostprocessing = 0;
		};
/* End PBXSourcesBuildPhase section */

/* Begin PBXVariantGroup section */
		BF34A25222C44D1800662DDF /* Main.storyboard */ = {
			isa = PBXVariantGroup;
			children = (
				BF34A25322C44D1800662DDF /* Base */,
			);
			name = Main.storyboard;
			sourceTree = "<group>";
		};
		BF34A25722C44D1900662DDF /* LaunchScreen.storyboard */ = {
			isa = PBXVariantGroup;
			children = (
				BF34A25822C44D1900662DDF /* Base */,
			);
			name = LaunchScreen.storyboard;
			sourceTree = "<group>";
		};
/* End PBXVariantGroup section */

/* Begin XCBuildConfiguration section */
		BF34A25B22C44D1900662DDF /* Debug */ = {
			isa = XCBuildConfiguration;
			buildSettings = {
				ALWAYS_SEARCH_USER_PATHS = NO;
				CLANG_ANALYZER_NONNULL = YES;
				CLANG_ANALYZER_NUMBER_OBJECT_CONVERSION = YES_AGGRESSIVE;
				CLANG_CXX_LANGUAGE_STANDARD = "gnu++14";
				CLANG_CXX_LIBRARY = "libc++";
				CLANG_ENABLE_MODULES = YES;
				CLANG_ENABLE_OBJC_ARC = YES;
				CLANG_ENABLE_OBJC_WEAK = YES;
				CLANG_WARN_BLOCK_CAPTURE_AUTORELEASING = YES;
				CLANG_WARN_BOOL_CONVERSION = YES;
				CLANG_WARN_COMMA = YES;
				CLANG_WARN_CONSTANT_CONVERSION = YES;
				CLANG_WARN_DEPRECATED_OBJC_IMPLEMENTATIONS = YES;
				CLANG_WARN_DIRECT_OBJC_ISA_USAGE = YES_ERROR;
				CLANG_WARN_DOCUMENTATION_COMMENTS = YES;
				CLANG_WARN_EMPTY_BODY = YES;
				CLANG_WARN_ENUM_CONVERSION = YES;
				CLANG_WARN_INFINITE_RECURSION = YES;
				CLANG_WARN_INT_CONVERSION = YES;
				CLANG_WARN_NON_LITERAL_NULL_CONVERSION = YES;
				CLANG_WARN_OBJC_IMPLICIT_RETAIN_SELF = YES;
				CLANG_WARN_OBJC_LITERAL_CONVERSION = YES;
				CLANG_WARN_OBJC_ROOT_CLASS = YES_ERROR;
				CLANG_WARN_RANGE_LOOP_ANALYSIS = YES;
				CLANG_WARN_STRICT_PROTOTYPES = YES;
				CLANG_WARN_SUSPICIOUS_MOVE = YES;
				CLANG_WARN_UNGUARDED_AVAILABILITY = YES_AGGRESSIVE;
				CLANG_WARN_UNREACHABLE_CODE = YES;
				CLANG_WARN__DUPLICATE_METHOD_MATCH = YES;
				CODE_SIGN_IDENTITY = "iPhone Developer";
				COPY_PHASE_STRIP = NO;
				DEBUG_INFORMATION_FORMAT = dwarf;
				ENABLE_STRICT_OBJC_MSGSEND = YES;
				ENABLE_TESTABILITY = YES;
				GCC_C_LANGUAGE_STANDARD = gnu11;
				GCC_DYNAMIC_NO_PIC = NO;
				GCC_NO_COMMON_BLOCKS = YES;
				GCC_OPTIMIZATION_LEVEL = 0;
				GCC_PREPROCESSOR_DEFINITIONS = (
					"DEBUG=1",
					"$(inherited)",
				);
				GCC_WARN_64_TO_32_BIT_CONVERSION = YES;
				GCC_WARN_ABOUT_RETURN_TYPE = YES_ERROR;
				GCC_WARN_UNDECLARED_SELECTOR = YES;
				GCC_WARN_UNINITIALIZED_AUTOS = YES_AGGRESSIVE;
				GCC_WARN_UNUSED_FUNCTION = YES;
				GCC_WARN_UNUSED_VARIABLE = YES;
				IPHONEOS_DEPLOYMENT_TARGET = 12.1;
				MTL_ENABLE_DEBUG_INFO = INCLUDE_SOURCE;
				MTL_FAST_MATH = YES;
				ONLY_ACTIVE_ARCH = YES;
				SDKROOT = iphoneos;
				SWIFT_ACTIVE_COMPILATION_CONDITIONS = DEBUG;
				SWIFT_OPTIMIZATION_LEVEL = "-Onone";
			};
			name = Debug;
		};
		BF34A25C22C44D1900662DDF /* Release */ = {
			isa = XCBuildConfiguration;
			buildSettings = {
				ALWAYS_SEARCH_USER_PATHS = NO;
				CLANG_ANALYZER_NONNULL = YES;
				CLANG_ANALYZER_NUMBER_OBJECT_CONVERSION = YES_AGGRESSIVE;
				CLANG_CXX_LANGUAGE_STANDARD = "gnu++14";
				CLANG_CXX_LIBRARY = "libc++";
				CLANG_ENABLE_MODULES = YES;
				CLANG_ENABLE_OBJC_ARC = YES;
				CLANG_ENABLE_OBJC_WEAK = YES;
				CLANG_WARN_BLOCK_CAPTURE_AUTORELEASING = YES;
				CLANG_WARN_BOOL_CONVERSION = YES;
				CLANG_WARN_COMMA = YES;
				CLANG_WARN_CONSTANT_CONVERSION = YES;
				CLANG_WARN_DEPRECATED_OBJC_IMPLEMENTATIONS = YES;
				CLANG_WARN_DIRECT_OBJC_ISA_USAGE = YES_ERROR;
				CLANG_WARN_DOCUMENTATION_COMMENTS = YES;
				CLANG_WARN_EMPTY_BODY = YES;
				CLANG_WARN_ENUM_CONVERSION = YES;
				CLANG_WARN_INFINITE_RECURSION = YES;
				CLANG_WARN_INT_CONVERSION = YES;
				CLANG_WARN_NON_LITERAL_NULL_CONVERSION = YES;
				CLANG_WARN_OBJC_IMPLICIT_RETAIN_SELF = YES;
				CLANG_WARN_OBJC_LITERAL_CONVERSION = YES;
				CLANG_WARN_OBJC_ROOT_CLASS = YES_ERROR;
				CLANG_WARN_RANGE_LOOP_ANALYSIS = YES;
				CLANG_WARN_STRICT_PROTOTYPES = YES;
				CLANG_WARN_SUSPICIOUS_MOVE = YES;
				CLANG_WARN_UNGUARDED_AVAILABILITY = YES_AGGRESSIVE;
				CLANG_WARN_UNREACHABLE_CODE = YES;
				CLANG_WARN__DUPLICATE_METHOD_MATCH = YES;
				CODE_SIGN_IDENTITY = "iPhone Developer";
				COPY_PHASE_STRIP = NO;
				DEBUG_INFORMATION_FORMAT = "dwarf-with-dsym";
				ENABLE_NS_ASSERTIONS = NO;
				ENABLE_STRICT_OBJC_MSGSEND = YES;
				GCC_C_LANGUAGE_STANDARD = gnu11;
				GCC_NO_COMMON_BLOCKS = YES;
				GCC_WARN_64_TO_32_BIT_CONVERSION = YES;
				GCC_WARN_ABOUT_RETURN_TYPE = YES_ERROR;
				GCC_WARN_UNDECLARED_SELECTOR = YES;
				GCC_WARN_UNINITIALIZED_AUTOS = YES_AGGRESSIVE;
				GCC_WARN_UNUSED_FUNCTION = YES;
				GCC_WARN_UNUSED_VARIABLE = YES;
				IPHONEOS_DEPLOYMENT_TARGET = 12.1;
				MTL_ENABLE_DEBUG_INFO = NO;
				MTL_FAST_MATH = YES;
				SDKROOT = iphoneos;
				SWIFT_COMPILATION_MODE = wholemodule;
				SWIFT_OPTIMIZATION_LEVEL = "-O";
				VALIDATE_PRODUCT = YES;
			};
			name = Release;
		};
		BF34A25E22C44D1900662DDF /* Debug */ = {
			isa = XCBuildConfiguration;
			buildSettings = {
				ASSETCATALOG_COMPILER_APPICON_NAME = AppIcon;
				CODE_SIGN_STYLE = Automatic;
				DEVELOPMENT_TEAM = N2A76LW682;
				INFOPLIST_FILE = Lesson2TabBarWebinar3/Info.plist;
				LD_RUNPATH_SEARCH_PATHS = (
					"$(inherited)",
					"@executable_path/Frameworks",
				);
				PRODUCT_BUNDLE_IDENTIFIER = ru.serg.Lesson2TabBarWebinar3;
				PRODUCT_NAME = "$(TARGET_NAME)";
				SWIFT_VERSION = 4.2;
				TARGETED_DEVICE_FAMILY = "1,2";
			};
			name = Debug;
		};
		BF34A25F22C44D1900662DDF /* Release */ = {
			isa = XCBuildConfiguration;
			buildSettings = {
				ASSETCATALOG_COMPILER_APPICON_NAME = AppIcon;
				CODE_SIGN_STYLE = Automatic;
				DEVELOPMENT_TEAM = N2A76LW682;
				INFOPLIST_FILE = Lesson2TabBarWebinar3/Info.plist;
				LD_RUNPATH_SEARCH_PATHS = (
					"$(inherited)",
					"@executable_path/Frameworks",
				);
				PRODUCT_BUNDLE_IDENTIFIER = ru.serg.Lesson2TabBarWebinar3;
				PRODUCT_NAME = "$(TARGET_NAME)";
				SWIFT_VERSION = 4.2;
				TARGETED_DEVICE_FAMILY = "1,2";
			};
			name = Release;
		};
/* End XCBuildConfiguration section */

/* Begin XCConfigurationList section */
		BF34A24622C44D1800662DDF /* Build configuration list for PBXProject "Lesson2TabBarWebinar3" */ = {
			isa = XCConfigurationList;
			buildConfigurations = (
				BF34A25B22C44D1900662DDF /* Debug */,
				BF34A25C22C44D1900662DDF /* Release */,
			);
			defaultConfigurationIsVisible = 0;
			defaultConfigurationName = Release;
		};
		BF34A25D22C44D1900662DDF /* Build configuration list for PBXNativeTarget "Lesson2TabBarWebinar3" */ = {
			isa = XCConfigurationList;
			buildConfigurations = (
				BF34A25E22C44D1900662DDF /* Debug */,
				BF34A25F22C44D1900662DDF /* Release */,
			);
			defaultConfigurationIsVisible = 0;
			defaultConfigurationName = Release;
		};
/* End XCConfigurationList section */
	};
	rootObject = BF34A24322C44D1800662DDF /* Project object */;
}
